
Microsoft Visual Studio Solution File, Format Version 12.00
# Visual Studio Version 16
VisualStudioVersion = 16.0.30002.166
MinimumVisualStudioVersion = 10.0.40219.1
Project("{9A19103F-16F7-4668-BE54-9A1E7A4F7556}") = "TVShowsService.API", "TVShowsService.API\TVShowsService.API.csproj", "{69BF8BB6-DC7E-4897-8EC8-AC7273D45655}"
EndProject
Project("{9A19103F-16F7-4668-BE54-9A1E7A4F7556}") = "TVShowsService.App", "TVShowsService.App\TVShowsService.App.csproj", "{192E5307-41ED-4625-A37F-6EA0D6419AD3}"
EndProject
Project("{9A19103F-16F7-4668-BE54-9A1E7A4F7556}") = "TVShowsService.Domain", "TVShowsService.Domain\TVShowsService.Domain.csproj", "{ECF8747D-D49D-4D2A-8163-14702E8AFF15}"
EndProject
Project("{9A19103F-16F7-4668-BE54-9A1E7A4F7556}") = "TVShowsService.EFCDataAccess", "TVShowsService.EFCDataAccess\TVShowsService.EFCDataAccess.csproj", "{5B226721-E511-4B99-9AE7-887D4DBAFA79}"
EndProject
Project("{9A19103F-16F7-4668-BE54-9A1E7A4F7556}") = "TVShowsService.EFCImplementation", "TVShowsService.EFCImplementation\TVShowsService.EFCImplementation.csproj", "{CDF38956-E081-46D7-8E69-90E54B1F6A30}"
EndProject
Global
	GlobalSection(SolutionConfigurationPlatforms) = preSolution
		Debug|Any CPU = Debug|Any CPU
		Release|Any CPU = Release|Any CPU
	EndGlobalSection
	GlobalSection(ProjectConfigurationPlatforms) = postSolution
		{69BF8BB6-DC7E-4897-8EC8-AC7273D45655}.Debug|Any CPU.ActiveCfg = Debug|Any CPU
		{69BF8BB6-DC7E-4897-8EC8-AC7273D45655}.Debug|Any CPU.Build.0 = Debug|Any CPU
		{69BF8BB6-DC7E-4897-8EC8-AC7273D45655}.Release|Any CPU.ActiveCfg = Release|Any CPU
		{69BF8BB6-DC7E-4897-8EC8-AC7273D45655}.Release|Any CPU.Build.0 = Release|Any CPU
		{192E5307-41ED-4625-A37F-6EA0D6419AD3}.Debug|Any CPU.ActiveCfg = Debug|Any CPU
		{192E5307-41ED-4625-A37F-6EA0D6419AD3}.Debug|Any CPU.Build.0 = Debug|Any CPU
		{192E5307-41ED-4625-A37F-6EA0D6419AD3}.Release|Any CPU.ActiveCfg = Release|Any CPU
		{192E5307-41ED-4625-A37F-6EA0D6419AD3}.Release|Any CPU.Build.0 = Release|Any CPU
		{ECF8747D-D49D-4D2A-8163-14702E8AFF15}.Debug|Any CPU.ActiveCfg = Debug|Any CPU
		{ECF8747D-D49D-4D2A-8163-14702E8AFF15}.Debug|Any CPU.Build.0 = Debug|Any CPU
		{ECF8747D-D49D-4D2A-8163-14702E8AFF15}.Release|Any CPU.ActiveCfg = Release|Any CPU
		{ECF8747D-D49D-4D2A-8163-14702E8AFF15}.Release|Any CPU.Build.0 = Release|Any CPU
		{5B226721-E511-4B99-9AE7-887D4DBAFA79}.Debug|Any CPU.ActiveCfg = Debug|Any CPU
		{5B226721-E511-4B99-9AE7-887D4DBAFA79}.Debug|Any CPU.Build.0 = Debug|Any CPU
		{5B226721-E511-4B99-9AE7-887D4DBAFA79}.Release|Any CPU.ActiveCfg = Release|Any CPU
		{5B226721-E511-4B99-9AE7-887D4DBAFA79}.Release|Any CPU.Build.0 = Release|Any CPU
		{CDF38956-E081-46D7-8E69-90E54B1F6A30}.Debug|Any CPU.ActiveCfg = Debug|Any CPU
		{CDF38956-E081-46D7-8E69-90E54B1F6A30}.Debug|Any CPU.Build.0 = Debug|Any CPU
		{CDF38956-E081-46D7-8E69-90E54B1F6A30}.Release|Any CPU.ActiveCfg = Release|Any CPU
		{CDF38956-E081-46D7-8E69-90E54B1F6A30}.Release|Any CPU.Build.0 = Release|Any CPU
	EndGlobalSection
	GlobalSection(SolutionProperties) = preSolution
		HideSolutionNode = FALSE
	EndGlobalSection
	GlobalSection(ExtensibilityGlobals) = postSolution
		SolutionGuid = {9A1F4FDE-2E19-4A56-A13B-FC941E49825F}
	EndGlobalSection
EndGlobal
